
Microsoft Visual Studio Solution File, Format Version 12.00
# Visual Studio Version 17
VisualStudioVersion = 17.0.31606.5
MinimumVisualStudioVersion = 10.0.40219.1
Project("{9A19103F-16F7-4668-BE54-9A1E7A4F7556}") = "GithubStyleCli", "GithubStyleCli\GithubStyleCli.csproj", "{DB912FEA-90AF-4B27-B771-C70872F77B54}"
EndProject
Project("{9A19103F-16F7-4668-BE54-9A1E7A4F7556}") = "DotnetStyleCli", "DotnetStyleCli\DotnetStyleCli.csproj", "{FB8D4F1F-D1A9-4AA7-8341-BD84E06A6660}"
EndProject
Project("{9A19103F-16F7-4668-BE54-9A1E7A4F7556}") = "CustomStyleCli", "CustomStyleCli\CustomStyleCli.csproj", "{8789831C-D925-46A9-A085-65C48FAAD236}"
EndProject
Project("{9A19103F-16F7-4668-BE54-9A1E7A4F7556}") = "StripeStyleCli", "StripeStyleCli\StripeStyleCli.csproj", "{09BDFBB0-DF46-4597-B351-0EE44AE45044}"
EndProject
Project("{9A19103F-16F7-4668-BE54-9A1E7A4F7556}") = "PerpetualIntelligence.Cli", "..\..\..\cli\src\PerpetualIntelligence.Cli\PerpetualIntelligence.Cli.csproj", "{0336C2F7-94B5-46DC-8349-9C1AD144105B}"
EndProject
Global
	GlobalSection(SolutionConfigurationPlatforms) = preSolution
		Debug|Any CPU = Debug|Any CPU
		Release|Any CPU = Release|Any CPU
	EndGlobalSection
	GlobalSection(ProjectConfigurationPlatforms) = postSolution
		{DB912FEA-90AF-4B27-B771-C70872F77B54}.Debug|Any CPU.ActiveCfg = Debug|Any CPU
		{DB912FEA-90AF-4B27-B771-C70872F77B54}.Debug|Any CPU.Build.0 = Debug|Any CPU
		{DB912FEA-90AF-4B27-B771-C70872F77B54}.Release|Any CPU.ActiveCfg = Release|Any CPU
		{DB912FEA-90AF-4B27-B771-C70872F77B54}.Release|Any CPU.Build.0 = Release|Any CPU
		{FB8D4F1F-D1A9-4AA7-8341-BD84E06A6660}.Debug|Any CPU.ActiveCfg = Debug|Any CPU
		{FB8D4F1F-D1A9-4AA7-8341-BD84E06A6660}.Debug|Any CPU.Build.0 = Debug|Any CPU
		{FB8D4F1F-D1A9-4AA7-8341-BD84E06A6660}.Release|Any CPU.ActiveCfg = Release|Any CPU
		{FB8D4F1F-D1A9-4AA7-8341-BD84E06A6660}.Release|Any CPU.Build.0 = Release|Any CPU
		{8789831C-D925-46A9-A085-65C48FAAD236}.Debug|Any CPU.ActiveCfg = Debug|Any CPU
		{8789831C-D925-46A9-A085-65C48FAAD236}.Debug|Any CPU.Build.0 = Debug|Any CPU
		{8789831C-D925-46A9-A085-65C48FAAD236}.Release|Any CPU.ActiveCfg = Release|Any CPU
		{8789831C-D925-46A9-A085-65C48FAAD236}.Release|Any CPU.Build.0 = Release|Any CPU
		{09BDFBB0-DF46-4597-B351-0EE44AE45044}.Debug|Any CPU.ActiveCfg = Debug|Any CPU
		{09BDFBB0-DF46-4597-B351-0EE44AE45044}.Debug|Any CPU.Build.0 = Debug|Any CPU
		{09BDFBB0-DF46-4597-B351-0EE44AE45044}.Release|Any CPU.ActiveCfg = Release|Any CPU
		{09BDFBB0-DF46-4597-B351-0EE44AE45044}.Release|Any CPU.Build.0 = Release|Any CPU
		{0336C2F7-94B5-46DC-8349-9C1AD144105B}.Debug|Any CPU.ActiveCfg = Debug|Any CPU
		{0336C2F7-94B5-46DC-8349-9C1AD144105B}.Debug|Any CPU.Build.0 = Debug|Any CPU
		{0336C2F7-94B5-46DC-8349-9C1AD144105B}.Release|Any CPU.ActiveCfg = Release|Any CPU
		{0336C2F7-94B5-46DC-8349-9C1AD144105B}.Release|Any CPU.Build.0 = Release|Any CPU
	EndGlobalSection
	GlobalSection(SolutionProperties) = preSolution
		HideSolutionNode = FALSE
	EndGlobalSection
	GlobalSection(ExtensibilityGlobals) = postSolution
		SolutionGuid = {AF17A7E6-7137-47D5-B6DE-E127163040D3}
	EndGlobalSection
EndGlobal
