
Microsoft Visual Studio Solution File, Format Version 12.00
# Visual Studio Version 17
VisualStudioVersion = 17.1.32210.238
MinimumVisualStudioVersion = 10.0.40219.1
Project("{9A19103F-16F7-4668-BE54-9A1E7A4F7556}") = "GithubStyleCliTerminal", "GithubStyleCliTerminal.csproj", "{02B0B1AF-19AA-41AF-9006-75A53776E32F}"
EndProject
Global
	GlobalSection(SolutionConfigurationPlatforms) = preSolution
		Debug|Any CPU = Debug|Any CPU
		Release|Any CPU = Release|Any CPU
	EndGlobalSection
	GlobalSection(ProjectConfigurationPlatforms) = postSolution
		{02B0B1AF-19AA-41AF-9006-75A53776E32F}.Debug|Any CPU.ActiveCfg = Debug|Any CPU
		{02B0B1AF-19AA-41AF-9006-75A53776E32F}.Debug|Any CPU.Build.0 = Debug|Any CPU
		{02B0B1AF-19AA-41AF-9006-75A53776E32F}.Release|Any CPU.ActiveCfg = Release|Any CPU
		{02B0B1AF-19AA-41AF-9006-75A53776E32F}.Release|Any CPU.Build.0 = Release|Any CPU
	EndGlobalSection
	GlobalSection(SolutionProperties) = preSolution
		HideSolutionNode = FALSE
	EndGlobalSection
	GlobalSection(ExtensibilityGlobals) = postSolution
		SolutionGuid = {BBE658A7-E8F1-4D65-B04F-DAFDAB5C259D}
	EndGlobalSection
EndGlobal
