
Microsoft Visual Studio Solution File, Format Version 12.00
# Visual Studio Version 17
VisualStudioVersion = 17.1.32210.238
MinimumVisualStudioVersion = 10.0.40219.1
Project("{FAE04EC0-301F-11D3-BF4B-00C04F79EFBC}") = "traditional-keyvalue-cli-app", "traditional-keyvalue-cli-app.csproj", "{7E99485A-92ED-43BC-B5C2-42EBFFF02945}"
EndProject
Global
	GlobalSection(SolutionConfigurationPlatforms) = preSolution
		Debug|Any CPU = Debug|Any CPU
		Release|Any CPU = Release|Any CPU
	EndGlobalSection
	GlobalSection(ProjectConfigurationPlatforms) = postSolution
		{7E99485A-92ED-43BC-B5C2-42EBFFF02945}.Debug|Any CPU.ActiveCfg = Debug|Any CPU
		{7E99485A-92ED-43BC-B5C2-42EBFFF02945}.Debug|Any CPU.Build.0 = Debug|Any CPU
		{7E99485A-92ED-43BC-B5C2-42EBFFF02945}.Release|Any CPU.ActiveCfg = Release|Any CPU
		{7E99485A-92ED-43BC-B5C2-42EBFFF02945}.Release|Any CPU.Build.0 = Release|Any CPU
	EndGlobalSection
	GlobalSection(SolutionProperties) = preSolution
		HideSolutionNode = FALSE
	EndGlobalSection
	GlobalSection(ExtensibilityGlobals) = postSolution
		SolutionGuid = {7B90A57E-2CC5-4117-B0C3-D605DCBFB0DA}
	EndGlobalSection
EndGlobal
