
Microsoft Visual Studio Solution File, Format Version 12.00
# Visual Studio Version 17
VisualStudioVersion = 17.0.31606.5
MinimumVisualStudioVersion = 10.0.40219.1
Project("{9A19103F-16F7-4668-BE54-9A1E7A4F7556}") = "PerpetualIntelligence.Shared", "..\..\..\protocols\src\PerpetualIntelligence.Shared\PerpetualIntelligence.Shared.csproj", "{817A7324-F3F0-4538-9AB0-AE011012DB7D}"
EndProject
Project("{9A19103F-16F7-4668-BE54-9A1E7A4F7556}") = "PerpetualIntelligence.Cli", "..\..\..\cli\src\PerpetualIntelligence.Cli\PerpetualIntelligence.Cli.csproj", "{B89BCDBC-4BE6-4734-B672-F46D54973DA5}"
EndProject
Global
	GlobalSection(SolutionConfigurationPlatforms) = preSolution
		Debug|Any CPU = Debug|Any CPU
		Release|Any CPU = Release|Any CPU
	EndGlobalSection
	GlobalSection(ProjectConfigurationPlatforms) = postSolution
		{817A7324-F3F0-4538-9AB0-AE011012DB7D}.Debug|Any CPU.ActiveCfg = Debug|Any CPU
		{817A7324-F3F0-4538-9AB0-AE011012DB7D}.Debug|Any CPU.Build.0 = Debug|Any CPU
		{817A7324-F3F0-4538-9AB0-AE011012DB7D}.Release|Any CPU.ActiveCfg = Release|Any CPU
		{817A7324-F3F0-4538-9AB0-AE011012DB7D}.Release|Any CPU.Build.0 = Release|Any CPU
		{B89BCDBC-4BE6-4734-B672-F46D54973DA5}.Debug|Any CPU.ActiveCfg = Debug|Any CPU
		{B89BCDBC-4BE6-4734-B672-F46D54973DA5}.Debug|Any CPU.Build.0 = Debug|Any CPU
		{B89BCDBC-4BE6-4734-B672-F46D54973DA5}.Release|Any CPU.ActiveCfg = Release|Any CPU
		{B89BCDBC-4BE6-4734-B672-F46D54973DA5}.Release|Any CPU.Build.0 = Release|Any CPU
	EndGlobalSection
	GlobalSection(SolutionProperties) = preSolution
		HideSolutionNode = FALSE
	EndGlobalSection
	GlobalSection(ExtensibilityGlobals) = postSolution
		SolutionGuid = {AF17A7E6-7137-47D5-B6DE-E127163040D3}
	EndGlobalSection
EndGlobal
