
Microsoft Visual Studio Solution File, Format Version 12.00
# Visual Studio Version 17
VisualStudioVersion = 17.0.31606.5
MinimumVisualStudioVersion = 10.0.40219.1
Project("{9A19103F-16F7-4668-BE54-9A1E7A4F7556}") = "DotnetStyleCli", "DotnetStyleCli\DotnetStyleCli.csproj", "{9A89F5F7-5A44-4FE4-A638-C77AD04FCFC3}"
EndProject
Project("{9A19103F-16F7-4668-BE54-9A1E7A4F7556}") = "GithubStyleCli", "GithubStyleCli\GithubStyleCli.csproj", "{44777E0F-395C-4CE6-9A78-F6610BDEAA82}"
EndProject
Project("{9A19103F-16F7-4668-BE54-9A1E7A4F7556}") = "StripeStyleCli", "StripeStyleCli\StripeStyleCli.csproj", "{E05345F4-F91B-43CB-B710-162B605EE0CB}"
EndProject
Project("{9A19103F-16F7-4668-BE54-9A1E7A4F7556}") = "UnicodeCli", "UnicodeCli\UnicodeCli.csproj", "{D66A3D01-F9D1-46EC-BBAB-5FBEF3A699FB}"
EndProject
Project("{9A19103F-16F7-4668-BE54-9A1E7A4F7556}") = "PerpetualIntelligence.Cli", "..\..\..\..\cli\src\PerpetualIntelligence.Cli\PerpetualIntelligence.Cli.csproj", "{79716129-9D67-4C4D-B615-004FBFD97467}"
EndProject
Global
	GlobalSection(SolutionConfigurationPlatforms) = preSolution
		Debug|Any CPU = Debug|Any CPU
		Release|Any CPU = Release|Any CPU
	EndGlobalSection
	GlobalSection(ProjectConfigurationPlatforms) = postSolution
		{9A89F5F7-5A44-4FE4-A638-C77AD04FCFC3}.Debug|Any CPU.ActiveCfg = Debug|Any CPU
		{9A89F5F7-5A44-4FE4-A638-C77AD04FCFC3}.Debug|Any CPU.Build.0 = Debug|Any CPU
		{9A89F5F7-5A44-4FE4-A638-C77AD04FCFC3}.Release|Any CPU.ActiveCfg = Release|Any CPU
		{9A89F5F7-5A44-4FE4-A638-C77AD04FCFC3}.Release|Any CPU.Build.0 = Release|Any CPU
		{44777E0F-395C-4CE6-9A78-F6610BDEAA82}.Debug|Any CPU.ActiveCfg = Debug|Any CPU
		{44777E0F-395C-4CE6-9A78-F6610BDEAA82}.Debug|Any CPU.Build.0 = Debug|Any CPU
		{44777E0F-395C-4CE6-9A78-F6610BDEAA82}.Release|Any CPU.ActiveCfg = Release|Any CPU
		{44777E0F-395C-4CE6-9A78-F6610BDEAA82}.Release|Any CPU.Build.0 = Release|Any CPU
		{E05345F4-F91B-43CB-B710-162B605EE0CB}.Debug|Any CPU.ActiveCfg = Debug|Any CPU
		{E05345F4-F91B-43CB-B710-162B605EE0CB}.Debug|Any CPU.Build.0 = Debug|Any CPU
		{E05345F4-F91B-43CB-B710-162B605EE0CB}.Release|Any CPU.ActiveCfg = Release|Any CPU
		{E05345F4-F91B-43CB-B710-162B605EE0CB}.Release|Any CPU.Build.0 = Release|Any CPU
		{D66A3D01-F9D1-46EC-BBAB-5FBEF3A699FB}.Debug|Any CPU.ActiveCfg = Debug|Any CPU
		{D66A3D01-F9D1-46EC-BBAB-5FBEF3A699FB}.Debug|Any CPU.Build.0 = Debug|Any CPU
		{D66A3D01-F9D1-46EC-BBAB-5FBEF3A699FB}.Release|Any CPU.ActiveCfg = Release|Any CPU
		{D66A3D01-F9D1-46EC-BBAB-5FBEF3A699FB}.Release|Any CPU.Build.0 = Release|Any CPU
		{79716129-9D67-4C4D-B615-004FBFD97467}.Debug|Any CPU.ActiveCfg = Debug|Any CPU
		{79716129-9D67-4C4D-B615-004FBFD97467}.Debug|Any CPU.Build.0 = Debug|Any CPU
		{79716129-9D67-4C4D-B615-004FBFD97467}.Release|Any CPU.ActiveCfg = Release|Any CPU
		{79716129-9D67-4C4D-B615-004FBFD97467}.Release|Any CPU.Build.0 = Release|Any CPU
	EndGlobalSection
	GlobalSection(SolutionProperties) = preSolution
		HideSolutionNode = FALSE
	EndGlobalSection
	GlobalSection(ExtensibilityGlobals) = postSolution
		SolutionGuid = {AF17A7E6-7137-47D5-B6DE-E127163040D3}
	EndGlobalSection
EndGlobal
